
Microsoft Visual Studio Solution File, Format Version 12.00
Project("{FAE04EC0-301F-11D3-BF4B-00C04F79EFBC}") = "ConsoleApp3", "ConsoleApp3.csproj", "{CCB5092F-B8BA-4C7B-BB63-98DC257E3931}"
EndProject
Global
	GlobalSection(SolutionConfigurationPlatforms) = preSolution
		Debug|Any CPU = Debug|Any CPU
		Release|Any CPU = Release|Any CPU
	EndGlobalSection
	GlobalSection(ProjectConfigurationPlatforms) = postSolution
		{CCB5092F-B8BA-4C7B-BB63-98DC257E3931}.Debug|Any CPU.ActiveCfg = Debug|Any CPU
		{CCB5092F-B8BA-4C7B-BB63-98DC257E3931}.Debug|Any CPU.Build.0 = Debug|Any CPU
		{CCB5092F-B8BA-4C7B-BB63-98DC257E3931}.Release|Any CPU.ActiveCfg = Release|Any CPU
		{CCB5092F-B8BA-4C7B-BB63-98DC257E3931}.Release|Any CPU.Build.0 = Release|Any CPU
	EndGlobalSection
EndGlobal
